
Microsoft Visual Studio Solution File, Format Version 12.00
# Visual Studio Version 16
VisualStudioVersion = 16.0.30804.86
MinimumVisualStudioVersion = 10.0.40219.1
Project("{FAE04EC0-301F-11D3-BF4B-00C04F79EFBC}") = "Quanlydiemsv", "Quanlydiemsv\Quanlydiemsv.csproj", "{246A2844-82F4-4CFF-9806-8524410D62F9}"
EndProject
Global
	GlobalSection(SolutionConfigurationPlatforms) = preSolution
		Debug|Any CPU = Debug|Any CPU
		Release|Any CPU = Release|Any CPU
	EndGlobalSection
	GlobalSection(ProjectConfigurationPlatforms) = postSolution
		{246A2844-82F4-4CFF-9806-8524410D62F9}.Debug|Any CPU.ActiveCfg = Debug|Any CPU
		{246A2844-82F4-4CFF-9806-8524410D62F9}.Debug|Any CPU.Build.0 = Debug|Any CPU
		{246A2844-82F4-4CFF-9806-8524410D62F9}.Release|Any CPU.ActiveCfg = Release|Any CPU
		{246A2844-82F4-4CFF-9806-8524410D62F9}.Release|Any CPU.Build.0 = Release|Any CPU
	EndGlobalSection
	GlobalSection(SolutionProperties) = preSolution
		HideSolutionNode = FALSE
	EndGlobalSection
	GlobalSection(ExtensibilityGlobals) = postSolution
		SolutionGuid = {FBB8CD07-947A-40D2-AEC5-2CC966E665B1}
	EndGlobalSection
EndGlobal
